
Microsoft Visual Studio Solution File, Format Version 12.00
# Visual Studio Version 16
VisualStudioVersion = 16.0.30517.126
MinimumVisualStudioVersion = 10.0.40219.1
Project("{FAE04EC0-301F-11D3-BF4B-00C04F79EFBC}") = "AgendaTelefonica", "AgendaTelefonica\AgendaTelefonica.csproj", "{99F8585F-4513-4630-8A1C-5FB3ED12089C}"
EndProject
Global
	GlobalSection(SolutionConfigurationPlatforms) = preSolution
		Debug|Any CPU = Debug|Any CPU
		Release|Any CPU = Release|Any CPU
	EndGlobalSection
	GlobalSection(ProjectConfigurationPlatforms) = postSolution
		{99F8585F-4513-4630-8A1C-5FB3ED12089C}.Debug|Any CPU.ActiveCfg = Debug|Any CPU
		{99F8585F-4513-4630-8A1C-5FB3ED12089C}.Debug|Any CPU.Build.0 = Debug|Any CPU
		{99F8585F-4513-4630-8A1C-5FB3ED12089C}.Release|Any CPU.ActiveCfg = Release|Any CPU
		{99F8585F-4513-4630-8A1C-5FB3ED12089C}.Release|Any CPU.Build.0 = Release|Any CPU
	EndGlobalSection
	GlobalSection(SolutionProperties) = preSolution
		HideSolutionNode = FALSE
	EndGlobalSection
	GlobalSection(ExtensibilityGlobals) = postSolution
		SolutionGuid = {304F30B0-303D-4388-B47F-6E1813BAFBFC}
	EndGlobalSection
EndGlobal
